// !$*UTF8*$!
{
	archiveVersion = 1;
	classes = {
	};
	objectVersion = 56;
	objects = {

/* Begin PBXBuildFile section */
		B30E2C73296EA21100064A55 /* WillParkenApp.swift in Sources */ = {isa = PBXBuildFile; fileRef = B30E2C72296EA21100064A55 /* WillParkenApp.swift */; };
		B30E2C77296EA21200064A55 /* Assets.xcassets in Resources */ = {isa = PBXBuildFile; fileRef = B30E2C76296EA21200064A55 /* Assets.xcassets */; };
		B30E2C7A296EA21200064A55 /* Preview Assets.xcassets in Resources */ = {isa = PBXBuildFile; fileRef = B30E2C79296EA21200064A55 /* Preview Assets.xcassets */; };
		B30E8D60297C3AA60092FD63 /* RegisterView.swift in Sources */ = {isa = PBXBuildFile; fileRef = B30E8D5F297C3AA60092FD63 /* RegisterView.swift */; };
		B30E8D62297C40FC0092FD63 /* WPTextField.swift in Sources */ = {isa = PBXBuildFile; fileRef = B30E8D61297C40FC0092FD63 /* WPTextField.swift */; };
		B30E8D65297C7DB40092FD63 /* WPapi.swift in Sources */ = {isa = PBXBuildFile; fileRef = B30E8D64297C7DB40092FD63 /* WPapi.swift */; };
		B30E8D67297C7E0F0092FD63 /* User.swift in Sources */ = {isa = PBXBuildFile; fileRef = B30E8D66297C7E0F0092FD63 /* User.swift */; };
		B30E8D69297C7EF00092FD63 /* Car.swift in Sources */ = {isa = PBXBuildFile; fileRef = B30E8D68297C7EF00092FD63 /* Car.swift */; };
		B322BA6A29859E7000889FAF /* HTTPMethod.swift in Sources */ = {isa = PBXBuildFile; fileRef = B322BA6929859E7000889FAF /* HTTPMethod.swift */; };
		B32482DE29B3607C0072B36D /* SampleUser.json in Resources */ = {isa = PBXBuildFile; fileRef = B32482DD29B359DC0072B36D /* SampleUser.json */; };
		B32482E129B3642F0072B36D /* SampleCar.json in Resources */ = {isa = PBXBuildFile; fileRef = B32482E029B3626F0072B36D /* SampleCar.json */; };
		B32482E329B365BF0072B36D /* SampleParkingspot.json in Resources */ = {isa = PBXBuildFile; fileRef = B32482E229B364FE0072B36D /* SampleParkingspot.json */; };
		B32482E529B368A40072B36D /* SampleAddress.json in Resources */ = {isa = PBXBuildFile; fileRef = B32482E429B3688B0072B36D /* SampleAddress.json */; };
		B32482E729B368D80072B36D /* SampleTimeframe.json in Resources */ = {isa = PBXBuildFile; fileRef = B32482E629B368B80072B36D /* SampleTimeframe.json */; };
		B32482E929B369870072B36D /* SampleReservation.json in Resources */ = {isa = PBXBuildFile; fileRef = B32482E829B368E90072B36D /* SampleReservation.json */; };
		B32482EB29B36E190072B36D /* SampleParkingspotArray.json in Resources */ = {isa = PBXBuildFile; fileRef = B32482EA29B36C970072B36D /* SampleParkingspotArray.json */; };
		B33985D029AC019100EF1AB2 /* Reservation.swift in Sources */ = {isa = PBXBuildFile; fileRef = B33985CF29AC019100EF1AB2 /* Reservation.swift */; };
		B341B9B529B789310075FE75 /* ReservationParkingspotList.swift in Sources */ = {isa = PBXBuildFile; fileRef = B341B9B429B789310075FE75 /* ReservationParkingspotList.swift */; };
		B341B9B829B789C20075FE75 /* ReservationCard.swift in Sources */ = {isa = PBXBuildFile; fileRef = B341B9B729B789C20075FE75 /* ReservationCard.swift */; };
		B3486A5929AE786900C4B5A9 /* CarCard.swift in Sources */ = {isa = PBXBuildFile; fileRef = B3486A5829AE786900C4B5A9 /* CarCard.swift */; };
		B3486A5B29AE787300C4B5A9 /* CarList.swift in Sources */ = {isa = PBXBuildFile; fileRef = B3486A5A29AE787300C4B5A9 /* CarList.swift */; };
		B3486A5D29AE787F00C4B5A9 /* CarEdit.swift in Sources */ = {isa = PBXBuildFile; fileRef = B3486A5C29AE787F00C4B5A9 /* CarEdit.swift */; };
		B348A02D29BE194500A9F02F /* ReservationList.swift in Sources */ = {isa = PBXBuildFile; fileRef = B348A02C29BE194500A9F02F /* ReservationList.swift */; };
		B34FA02329AD3EA00074458B /* WPWeekdayItem.swift in Sources */ = {isa = PBXBuildFile; fileRef = B34FA02229AD3EA00074458B /* WPWeekdayItem.swift */; };
		B3538C4629A816940083CF5B /* ParkingspotEdit.swift in Sources */ = {isa = PBXBuildFile; fileRef = B3538C4529A816940083CF5B /* ParkingspotEdit.swift */; };
		B35BF413297C018A00407CED /* DashboardView.swift in Sources */ = {isa = PBXBuildFile; fileRef = B35BF412297C018A00407CED /* DashboardView.swift */; };
		B35BF415297C091400407CED /* MainView.swift in Sources */ = {isa = PBXBuildFile; fileRef = B35BF414297C091400407CED /* MainView.swift */; };
		B362F4F2299912B1004791D4 /* TabBarSkeleton.swift in Sources */ = {isa = PBXBuildFile; fileRef = B362F4F1299912B1004791D4 /* TabBarSkeleton.swift */; };
		B362F4F6299913F6004791D4 /* SearchView.swift in Sources */ = {isa = PBXBuildFile; fileRef = B362F4F5299913F6004791D4 /* SearchView.swift */; };
		B362F4F829991416004791D4 /* ProfileView.swift in Sources */ = {isa = PBXBuildFile; fileRef = B362F4F729991416004791D4 /* ProfileView.swift */; };
		B3726800298688E500E50D1A /* LoginView.swift in Sources */ = {isa = PBXBuildFile; fileRef = B37267FF298688E500E50D1A /* LoginView.swift */; };
		B37268022986905C00E50D1A /* WPButton.swift in Sources */ = {isa = PBXBuildFile; fileRef = B37268012986905C00E50D1A /* WPButton.swift */; };
		B3772BCE29BF8C680041D3E2 /* ProfilePersonalData.swift in Sources */ = {isa = PBXBuildFile; fileRef = B3772BCD29BF8C680041D3E2 /* ProfilePersonalData.swift */; };
		B3772BD029BF94B10041D3E2 /* ProfileBalance.swift in Sources */ = {isa = PBXBuildFile; fileRef = B3772BCF29BF94B10041D3E2 /* ProfileBalance.swift */; };
		B3772BD229BF94BD0041D3E2 /* ProfileSecurity.swift in Sources */ = {isa = PBXBuildFile; fileRef = B3772BD129BF94BD0041D3E2 /* ProfileSecurity.swift */; };
		B377838229BC8C55004F9E25 /* WPDropdownMenu.swift in Sources */ = {isa = PBXBuildFile; fileRef = B377838129BC8C55004F9E25 /* WPDropdownMenu.swift */; };
		B377838429BCD4D7004F9E25 /* SearchFilterEdit.swift in Sources */ = {isa = PBXBuildFile; fileRef = B377838329BCD4D7004F9E25 /* SearchFilterEdit.swift */; };
		B3793A9329A3BDAE00B99EA9 /* ParkingspotList.swift in Sources */ = {isa = PBXBuildFile; fileRef = B3793A9229A3BDAE00B99EA9 /* ParkingspotList.swift */; };
		B3793A9529A3C27F00B99EA9 /* ParkingspotCard.swift in Sources */ = {isa = PBXBuildFile; fileRef = B3793A9429A3C27F00B99EA9 /* ParkingspotCard.swift */; };
		B3833EF6299AC48C000F9DFD /* DashboardCard.swift in Sources */ = {isa = PBXBuildFile; fileRef = B3833EF5299AC48C000F9DFD /* DashboardCard.swift */; };
		B39CE11D2996CA6200B257E9 /* TabBar.swift in Sources */ = {isa = PBXBuildFile; fileRef = B39CE11C2996CA6200B257E9 /* TabBar.swift */; };
		B39CE1202996CB0E00B257E9 /* TabBarButton.swift in Sources */ = {isa = PBXBuildFile; fileRef = B39CE11F2996CB0E00B257E9 /* TabBarButton.swift */; };
		B39E88162983E188000A1CB5 /* Parkingspot.swift in Sources */ = {isa = PBXBuildFile; fileRef = B39E88152983E188000A1CB5 /* Parkingspot.swift */; };
		B39E88182983E1FC000A1CB5 /* Address.swift in Sources */ = {isa = PBXBuildFile; fileRef = B39E88172983E1FC000A1CB5 /* Address.swift */; };
		B3CE691B29AB8AFF0086A2BF /* Mapapi.swift in Sources */ = {isa = PBXBuildFile; fileRef = B3CE691A29AB8AFF0086A2BF /* Mapapi.swift */; };
		B3D1678029A65D23006BEE54 /* Timeframe.swift in Sources */ = {isa = PBXBuildFile; fileRef = B3D1677F29A65D23006BEE54 /* Timeframe.swift */; };
		B3D6D0CD2975801800B28336 /* WPTitle.swift in Sources */ = {isa = PBXBuildFile; fileRef = B3D6D0CC2975801800B28336 /* WPTitle.swift */; };
		B3D873DF29ABEE6E00F63307 /* WPTagContainer.swift in Sources */ = {isa = PBXBuildFile; fileRef = B3D873DE29ABEE6E00F63307 /* WPTagContainer.swift */; };
		B3E8EE4129B6774F00452513 /* WPStepper.swift in Sources */ = {isa = PBXBuildFile; fileRef = B3E8EE4029B6774F00452513 /* WPStepper.swift */; };
		B3E8EE4329B6825F00452513 /* WPStatusToggle.swift in Sources */ = {isa = PBXBuildFile; fileRef = B3E8EE4229B6825F00452513 /* WPStatusToggle.swift */; };
		B3E9FEF429BDF0CA00BD821A /* ReservationEdit.swift in Sources */ = {isa = PBXBuildFile; fileRef = B3E9FEF329BDF0CA00BD821A /* ReservationEdit.swift */; };
		B3F49B5329B4F50F002AE528 /* WPViewModel.swift in Sources */ = {isa = PBXBuildFile; fileRef = B3F49B5229B4F50F002AE528 /* WPViewModel.swift */; };
/* End PBXBuildFile section */

/* Begin PBXFileReference section */
		B30E2C6F296EA21100064A55 /* WillParken.app */ = {isa = PBXFileReference; explicitFileType = wrapper.application; includeInIndex = 0; path = WillParken.app; sourceTree = BUILT_PRODUCTS_DIR; };
		B30E2C72296EA21100064A55 /* WillParkenApp.swift */ = {isa = PBXFileReference; lastKnownFileType = sourcecode.swift; path = WillParkenApp.swift; sourceTree = "<group>"; };
		B30E2C76296EA21200064A55 /* Assets.xcassets */ = {isa = PBXFileReference; lastKnownFileType = folder.assetcatalog; path = Assets.xcassets; sourceTree = "<group>"; };
		B30E2C79296EA21200064A55 /* Preview Assets.xcassets */ = {isa = PBXFileReference; lastKnownFileType = folder.assetcatalog; path = "Preview Assets.xcassets"; sourceTree = "<group>"; };
		B30E8D5F297C3AA60092FD63 /* RegisterView.swift */ = {isa = PBXFileReference; lastKnownFileType = sourcecode.swift; path = RegisterView.swift; sourceTree = "<group>"; };
		B30E8D61297C40FC0092FD63 /* WPTextField.swift */ = {isa = PBXFileReference; lastKnownFileType = sourcecode.swift; path = WPTextField.swift; sourceTree = "<group>"; };
		B30E8D64297C7DB40092FD63 /* WPapi.swift */ = {isa = PBXFileReference; lastKnownFileType = sourcecode.swift; path = WPapi.swift; sourceTree = "<group>"; };
		B30E8D66297C7E0F0092FD63 /* User.swift */ = {isa = PBXFileReference; lastKnownFileType = sourcecode.swift; path = User.swift; sourceTree = "<group>"; };
		B30E8D68297C7EF00092FD63 /* Car.swift */ = {isa = PBXFileReference; lastKnownFileType = sourcecode.swift; path = Car.swift; sourceTree = "<group>"; };
		B322BA6829859C4A00889FAF /* Tryout.playground */ = {isa = PBXFileReference; lastKnownFileType = file.playground; path = Tryout.playground; sourceTree = "<group>"; xcLanguageSpecificationIdentifier = xcode.lang.swift; };
		B322BA6929859E7000889FAF /* HTTPMethod.swift */ = {isa = PBXFileReference; lastKnownFileType = sourcecode.swift; path = HTTPMethod.swift; sourceTree = "<group>"; };
		B32482DD29B359DC0072B36D /* SampleUser.json */ = {isa = PBXFileReference; lastKnownFileType = text.json; path = SampleUser.json; sourceTree = "<group>"; };
		B32482E029B3626F0072B36D /* SampleCar.json */ = {isa = PBXFileReference; lastKnownFileType = text.json; path = SampleCar.json; sourceTree = "<group>"; };
		B32482E229B364FE0072B36D /* SampleParkingspot.json */ = {isa = PBXFileReference; lastKnownFileType = text.json; path = SampleParkingspot.json; sourceTree = "<group>"; };
		B32482E429B3688B0072B36D /* SampleAddress.json */ = {isa = PBXFileReference; lastKnownFileType = text.json; path = SampleAddress.json; sourceTree = "<group>"; };
		B32482E629B368B80072B36D /* SampleTimeframe.json */ = {isa = PBXFileReference; lastKnownFileType = text.json; path = SampleTimeframe.json; sourceTree = "<group>"; };
		B32482E829B368E90072B36D /* SampleReservation.json */ = {isa = PBXFileReference; lastKnownFileType = text.json; path = SampleReservation.json; sourceTree = "<group>"; };
		B32482EA29B36C970072B36D /* SampleParkingspotArray.json */ = {isa = PBXFileReference; lastKnownFileType = text.json; path = SampleParkingspotArray.json; sourceTree = "<group>"; };
		B33985CF29AC019100EF1AB2 /* Reservation.swift */ = {isa = PBXFileReference; lastKnownFileType = sourcecode.swift; path = Reservation.swift; sourceTree = "<group>"; };
		B341B9B429B789310075FE75 /* ReservationParkingspotList.swift */ = {isa = PBXFileReference; lastKnownFileType = sourcecode.swift; path = ReservationParkingspotList.swift; sourceTree = "<group>"; };
		B341B9B729B789C20075FE75 /* ReservationCard.swift */ = {isa = PBXFileReference; lastKnownFileType = sourcecode.swift; path = ReservationCard.swift; sourceTree = "<group>"; };
		B3486A5829AE786900C4B5A9 /* CarCard.swift */ = {isa = PBXFileReference; lastKnownFileType = sourcecode.swift; path = CarCard.swift; sourceTree = "<group>"; };
		B3486A5A29AE787300C4B5A9 /* CarList.swift */ = {isa = PBXFileReference; lastKnownFileType = sourcecode.swift; path = CarList.swift; sourceTree = "<group>"; };
		B3486A5C29AE787F00C4B5A9 /* CarEdit.swift */ = {isa = PBXFileReference; lastKnownFileType = sourcecode.swift; path = CarEdit.swift; sourceTree = "<group>"; };
		B348A02C29BE194500A9F02F /* ReservationList.swift */ = {isa = PBXFileReference; lastKnownFileType = sourcecode.swift; path = ReservationList.swift; sourceTree = "<group>"; };
		B34FA02229AD3EA00074458B /* WPWeekdayItem.swift */ = {isa = PBXFileReference; lastKnownFileType = sourcecode.swift; path = WPWeekdayItem.swift; sourceTree = "<group>"; };
		B3538C4529A816940083CF5B /* ParkingspotEdit.swift */ = {isa = PBXFileReference; lastKnownFileType = sourcecode.swift; path = ParkingspotEdit.swift; sourceTree = "<group>"; };
		B35BF412297C018A00407CED /* DashboardView.swift */ = {isa = PBXFileReference; lastKnownFileType = sourcecode.swift; path = DashboardView.swift; sourceTree = "<group>"; };
		B35BF414297C091400407CED /* MainView.swift */ = {isa = PBXFileReference; lastKnownFileType = sourcecode.swift; path = MainView.swift; sourceTree = "<group>"; };
		B362F4F1299912B1004791D4 /* TabBarSkeleton.swift */ = {isa = PBXFileReference; lastKnownFileType = sourcecode.swift; path = TabBarSkeleton.swift; sourceTree = "<group>"; };
		B362F4F5299913F6004791D4 /* SearchView.swift */ = {isa = PBXFileReference; lastKnownFileType = sourcecode.swift; path = SearchView.swift; sourceTree = "<group>"; };
		B362F4F729991416004791D4 /* ProfileView.swift */ = {isa = PBXFileReference; lastKnownFileType = sourcecode.swift; path = ProfileView.swift; sourceTree = "<group>"; };
		B37267FF298688E500E50D1A /* LoginView.swift */ = {isa = PBXFileReference; lastKnownFileType = sourcecode.swift; path = LoginView.swift; sourceTree = "<group>"; };
		B37268012986905C00E50D1A /* WPButton.swift */ = {isa = PBXFileReference; lastKnownFileType = sourcecode.swift; path = WPButton.swift; sourceTree = "<group>"; };
		B3772BCD29BF8C680041D3E2 /* ProfilePersonalData.swift */ = {isa = PBXFileReference; lastKnownFileType = sourcecode.swift; path = ProfilePersonalData.swift; sourceTree = "<group>"; };
		B3772BCF29BF94B10041D3E2 /* ProfileBalance.swift */ = {isa = PBXFileReference; lastKnownFileType = sourcecode.swift; path = ProfileBalance.swift; sourceTree = "<group>"; };
		B3772BD129BF94BD0041D3E2 /* ProfileSecurity.swift */ = {isa = PBXFileReference; lastKnownFileType = sourcecode.swift; path = ProfileSecurity.swift; sourceTree = "<group>"; };
		B377838129BC8C55004F9E25 /* WPDropdownMenu.swift */ = {isa = PBXFileReference; lastKnownFileType = sourcecode.swift; path = WPDropdownMenu.swift; sourceTree = "<group>"; };
		B377838329BCD4D7004F9E25 /* SearchFilterEdit.swift */ = {isa = PBXFileReference; lastKnownFileType = sourcecode.swift; path = SearchFilterEdit.swift; sourceTree = "<group>"; };
		B3793A9229A3BDAE00B99EA9 /* ParkingspotList.swift */ = {isa = PBXFileReference; lastKnownFileType = sourcecode.swift; path = ParkingspotList.swift; sourceTree = "<group>"; };
		B3793A9429A3C27F00B99EA9 /* ParkingspotCard.swift */ = {isa = PBXFileReference; lastKnownFileType = sourcecode.swift; path = ParkingspotCard.swift; sourceTree = "<group>"; };
		B3833EF5299AC48C000F9DFD /* DashboardCard.swift */ = {isa = PBXFileReference; lastKnownFileType = sourcecode.swift; path = DashboardCard.swift; sourceTree = "<group>"; };
		B39CE11C2996CA6200B257E9 /* TabBar.swift */ = {isa = PBXFileReference; lastKnownFileType = sourcecode.swift; path = TabBar.swift; sourceTree = "<group>"; };
		B39CE11F2996CB0E00B257E9 /* TabBarButton.swift */ = {isa = PBXFileReference; lastKnownFileType = sourcecode.swift; path = TabBarButton.swift; sourceTree = "<group>"; };
		B39E88152983E188000A1CB5 /* Parkingspot.swift */ = {isa = PBXFileReference; lastKnownFileType = sourcecode.swift; path = Parkingspot.swift; sourceTree = "<group>"; };
		B39E88172983E1FC000A1CB5 /* Address.swift */ = {isa = PBXFileReference; lastKnownFileType = sourcecode.swift; path = Address.swift; sourceTree = "<group>"; };
		B3CE691829AB86E30086A2BF /* Info.plist */ = {isa = PBXFileReference; lastKnownFileType = text.plist; path = Info.plist; sourceTree = "<group>"; };
		B3CE691A29AB8AFF0086A2BF /* Mapapi.swift */ = {isa = PBXFileReference; lastKnownFileType = sourcecode.swift; path = Mapapi.swift; sourceTree = "<group>"; };
		B3D1677F29A65D23006BEE54 /* Timeframe.swift */ = {isa = PBXFileReference; lastKnownFileType = sourcecode.swift; path = Timeframe.swift; sourceTree = "<group>"; };
		B3D6D0CC2975801800B28336 /* WPTitle.swift */ = {isa = PBXFileReference; lastKnownFileType = sourcecode.swift; path = WPTitle.swift; sourceTree = "<group>"; };
		B3D873DE29ABEE6E00F63307 /* WPTagContainer.swift */ = {isa = PBXFileReference; lastKnownFileType = sourcecode.swift; path = WPTagContainer.swift; sourceTree = "<group>"; };
		B3E8EE4029B6774F00452513 /* WPStepper.swift */ = {isa = PBXFileReference; lastKnownFileType = sourcecode.swift; path = WPStepper.swift; sourceTree = "<group>"; };
		B3E8EE4229B6825F00452513 /* WPStatusToggle.swift */ = {isa = PBXFileReference; lastKnownFileType = sourcecode.swift; path = WPStatusToggle.swift; sourceTree = "<group>"; };
		B3E9FEF329BDF0CA00BD821A /* ReservationEdit.swift */ = {isa = PBXFileReference; lastKnownFileType = sourcecode.swift; path = ReservationEdit.swift; sourceTree = "<group>"; };
		B3F49B5229B4F50F002AE528 /* WPViewModel.swift */ = {isa = PBXFileReference; lastKnownFileType = sourcecode.swift; path = WPViewModel.swift; sourceTree = "<group>"; };
/* End PBXFileReference section */

/* Begin PBXFrameworksBuildPhase section */
		B30E2C6C296EA21100064A55 /* Frameworks */ = {
			isa = PBXFrameworksBuildPhase;
			buildActionMask = 2147483647;
			files = (
			);
			runOnlyForDeploymentPostprocessing = 0;
		};
/* End PBXFrameworksBuildPhase section */

/* Begin PBXGroup section */
		B30E2C66296EA21100064A55 = {
			isa = PBXGroup;
			children = (
				B30E2C71296EA21100064A55 /* WillParken */,
				B322BA6829859C4A00889FAF /* Tryout.playground */,
				B30E2C70296EA21100064A55 /* Products */,
			);
			sourceTree = "<group>";
		};
		B30E2C70296EA21100064A55 /* Products */ = {
			isa = PBXGroup;
			children = (
				B30E2C6F296EA21100064A55 /* WillParken.app */,
			);
			name = Products;
			sourceTree = "<group>";
		};
		B30E2C71296EA21100064A55 /* WillParken */ = {
			isa = PBXGroup;
			children = (
				B32482DF29B361710072B36D /* SampleData */,
				B3CE691829AB86E30086A2BF /* Info.plist */,
				B30E8D63297C7D620092FD63 /* Model */,
				B30E2C81296EA26C00064A55 /* View */,
				B30E2C80296EA26700064A55 /* App */,
				B30E2C76296EA21200064A55 /* Assets.xcassets */,
				B30E2C78296EA21200064A55 /* Preview Content */,
			);
			path = WillParken;
			sourceTree = "<group>";
		};
		B30E2C78296EA21200064A55 /* Preview Content */ = {
			isa = PBXGroup;
			children = (
				B30E2C79296EA21200064A55 /* Preview Assets.xcassets */,
			);
			path = "Preview Content";
			sourceTree = "<group>";
		};
		B30E2C80296EA26700064A55 /* App */ = {
			isa = PBXGroup;
			children = (
				B30E2C72296EA21100064A55 /* WillParkenApp.swift */,
			);
			path = App;
			sourceTree = "<group>";
		};
		B30E2C81296EA26C00064A55 /* View */ = {
			isa = PBXGroup;
			children = (
				B39CE11B2996C34300B257E9 /* WPCommonViews */,
				B39CE11E2996CAE900B257E9 /* TabBar */,
				B351A3E529A10907006AD055 /* Parkingspot */,
				B3486A5729AE77E700C4B5A9 /* Car */,
				B341B9B629B789540075FE75 /* Reservation */,
				B362F4F4299913CB004791D4 /* Profile */,
				B39CE11A2996C2F000B257E9 /* Dashboard */,
				B362F4F3299913AD004791D4 /* Search */,
				B39CE1192996C2DB00B257E9 /* LoginRegister */,
				B35BF414297C091400407CED /* MainView.swift */,
			);
			path = View;
			sourceTree = "<group>";
		};
		B30E8D63297C7D620092FD63 /* Model */ = {
			isa = PBXGroup;
			children = (
				B3CE691929AB8AD50086A2BF /* Data */,
				B322BA6929859E7000889FAF /* HTTPMethod.swift */,
				B30E8D64297C7DB40092FD63 /* WPapi.swift */,
				B3CE691A29AB8AFF0086A2BF /* Mapapi.swift */,
				B3F49B5229B4F50F002AE528 /* WPViewModel.swift */,
			);
			path = Model;
			sourceTree = "<group>";
		};
		B32482DF29B361710072B36D /* SampleData */ = {
			isa = PBXGroup;
			children = (
				B32482DD29B359DC0072B36D /* SampleUser.json */,
				B32482E029B3626F0072B36D /* SampleCar.json */,
				B32482E429B3688B0072B36D /* SampleAddress.json */,
				B32482E629B368B80072B36D /* SampleTimeframe.json */,
				B32482E829B368E90072B36D /* SampleReservation.json */,
				B32482E229B364FE0072B36D /* SampleParkingspot.json */,
				B32482EA29B36C970072B36D /* SampleParkingspotArray.json */,
			);
			path = SampleData;
			sourceTree = "<group>";
		};
		B341B9B629B789540075FE75 /* Reservation */ = {
			isa = PBXGroup;
			children = (
				B341B9B429B789310075FE75 /* ReservationParkingspotList.swift */,
				B341B9B729B789C20075FE75 /* ReservationCard.swift */,
				B3E9FEF329BDF0CA00BD821A /* ReservationEdit.swift */,
				B348A02C29BE194500A9F02F /* ReservationList.swift */,
			);
			path = Reservation;
			sourceTree = "<group>";
		};
		B3486A5729AE77E700C4B5A9 /* Car */ = {
			isa = PBXGroup;
			children = (
				B3486A5829AE786900C4B5A9 /* CarCard.swift */,
				B3486A5A29AE787300C4B5A9 /* CarList.swift */,
				B3486A5C29AE787F00C4B5A9 /* CarEdit.swift */,
			);
			path = Car;
			sourceTree = "<group>";
		};
		B351A3E529A10907006AD055 /* Parkingspot */ = {
			isa = PBXGroup;
			children = (
				B3793A9229A3BDAE00B99EA9 /* ParkingspotList.swift */,
				B3793A9429A3C27F00B99EA9 /* ParkingspotCard.swift */,
				B3538C4529A816940083CF5B /* ParkingspotEdit.swift */,
			);
			path = Parkingspot;
			sourceTree = "<group>";
		};
		B362F4F3299913AD004791D4 /* Search */ = {
			isa = PBXGroup;
			children = (
				B362F4F5299913F6004791D4 /* SearchView.swift */,
				B377838329BCD4D7004F9E25 /* SearchFilterEdit.swift */,
			);
			path = Search;
			sourceTree = "<group>";
		};
		B362F4F4299913CB004791D4 /* Profile */ = {
			isa = PBXGroup;
			children = (
				B362F4F729991416004791D4 /* ProfileView.swift */,
				B3772BCD29BF8C680041D3E2 /* ProfilePersonalData.swift */,
				B3772BCF29BF94B10041D3E2 /* ProfileBalance.swift */,
				B3772BD129BF94BD0041D3E2 /* ProfileSecurity.swift */,
			);
			path = Profile;
			sourceTree = "<group>";
		};
		B39CE1192996C2DB00B257E9 /* LoginRegister */ = {
			isa = PBXGroup;
			children = (
				B30E8D5F297C3AA60092FD63 /* RegisterView.swift */,
				B37267FF298688E500E50D1A /* LoginView.swift */,
			);
			path = LoginRegister;
			sourceTree = "<group>";
		};
		B39CE11A2996C2F000B257E9 /* Dashboard */ = {
			isa = PBXGroup;
			children = (
				B35BF412297C018A00407CED /* DashboardView.swift */,
				B3833EF5299AC48C000F9DFD /* DashboardCard.swift */,
			);
			path = Dashboard;
			sourceTree = "<group>";
		};
		B39CE11B2996C34300B257E9 /* WPCommonViews */ = {
			isa = PBXGroup;
			children = (
				B3D6D0CC2975801800B28336 /* WPTitle.swift */,
				B37268012986905C00E50D1A /* WPButton.swift */,
				B30E8D61297C40FC0092FD63 /* WPTextField.swift */,
				B3D873DE29ABEE6E00F63307 /* WPTagContainer.swift */,
				B34FA02229AD3EA00074458B /* WPWeekdayItem.swift */,
				B3E8EE4029B6774F00452513 /* WPStepper.swift */,
				B3E8EE4229B6825F00452513 /* WPStatusToggle.swift */,
				B377838129BC8C55004F9E25 /* WPDropdownMenu.swift */,
			);
			path = WPCommonViews;
			sourceTree = "<group>";
		};
		B39CE11E2996CAE900B257E9 /* TabBar */ = {
			isa = PBXGroup;
			children = (
				B362F4F1299912B1004791D4 /* TabBarSkeleton.swift */,
				B39CE11C2996CA6200B257E9 /* TabBar.swift */,
				B39CE11F2996CB0E00B257E9 /* TabBarButton.swift */,
			);
			path = TabBar;
			sourceTree = "<group>";
		};
		B3CE691929AB8AD50086A2BF /* Data */ = {
			isa = PBXGroup;
			children = (
				B30E8D66297C7E0F0092FD63 /* User.swift */,
				B30E8D68297C7EF00092FD63 /* Car.swift */,
				B39E88152983E188000A1CB5 /* Parkingspot.swift */,
				B39E88172983E1FC000A1CB5 /* Address.swift */,
				B3D1677F29A65D23006BEE54 /* Timeframe.swift */,
				B33985CF29AC019100EF1AB2 /* Reservation.swift */,
			);
			path = Data;
			sourceTree = "<group>";
		};
/* End PBXGroup section */

/* Begin PBXNativeTarget section */
		B30E2C6E296EA21100064A55 /* WillParken */ = {
			isa = PBXNativeTarget;
			buildConfigurationList = B30E2C7D296EA21200064A55 /* Build configuration list for PBXNativeTarget "WillParken" */;
			buildPhases = (
				B30E2C6B296EA21100064A55 /* Sources */,
				B30E2C6C296EA21100064A55 /* Frameworks */,
				B30E2C6D296EA21100064A55 /* Resources */,
			);
			buildRules = (
			);
			dependencies = (
			);
			name = WillParken;
			productName = WillParken;
			productReference = B30E2C6F296EA21100064A55 /* WillParken.app */;
			productType = "com.apple.product-type.application";
		};
/* End PBXNativeTarget section */

/* Begin PBXProject section */
		B30E2C67296EA21100064A55 /* Project object */ = {
			isa = PBXProject;
			attributes = {
				BuildIndependentTargetsInParallel = 1;
				LastSwiftUpdateCheck = 1420;
				LastUpgradeCheck = 1420;
				TargetAttributes = {
					B30E2C6E296EA21100064A55 = {
						CreatedOnToolsVersion = 14.2;
					};
				};
			};
			buildConfigurationList = B30E2C6A296EA21100064A55 /* Build configuration list for PBXProject "WillParken" */;
			compatibilityVersion = "Xcode 14.0";
			developmentRegion = en;
			hasScannedForEncodings = 0;
			knownRegions = (
				en,
				de,
				Base,
			);
			mainGroup = B30E2C66296EA21100064A55;
			productRefGroup = B30E2C70296EA21100064A55 /* Products */;
			projectDirPath = "";
			projectRoot = "";
			targets = (
				B30E2C6E296EA21100064A55 /* WillParken */,
			);
		};
/* End PBXProject section */

/* Begin PBXResourcesBuildPhase section */
		B30E2C6D296EA21100064A55 /* Resources */ = {
			isa = PBXResourcesBuildPhase;
			buildActionMask = 2147483647;
			files = (
				B32482EB29B36E190072B36D /* SampleParkingspotArray.json in Resources */,
				B32482E929B369870072B36D /* SampleReservation.json in Resources */,
				B32482E729B368D80072B36D /* SampleTimeframe.json in Resources */,
				B32482E529B368A40072B36D /* SampleAddress.json in Resources */,
				B32482E329B365BF0072B36D /* SampleParkingspot.json in Resources */,
				B32482E129B3642F0072B36D /* SampleCar.json in Resources */,
				B32482DE29B3607C0072B36D /* SampleUser.json in Resources */,
				B30E2C7A296EA21200064A55 /* Preview Assets.xcassets in Resources */,
				B30E2C77296EA21200064A55 /* Assets.xcassets in Resources */,
			);
			runOnlyForDeploymentPostprocessing = 0;
		};
/* End PBXResourcesBuildPhase section */

/* Begin PBXSourcesBuildPhase section */
		B30E2C6B296EA21100064A55 /* Sources */ = {
			isa = PBXSourcesBuildPhase;
			buildActionMask = 2147483647;
			files = (
				B341B9B829B789C20075FE75 /* ReservationCard.swift in Sources */,
				B3486A5B29AE787300C4B5A9 /* CarList.swift in Sources */,
				B362F4F6299913F6004791D4 /* SearchView.swift in Sources */,
				B3CE691B29AB8AFF0086A2BF /* Mapapi.swift in Sources */,
				B33985D029AC019100EF1AB2 /* Reservation.swift in Sources */,
				B35BF415297C091400407CED /* MainView.swift in Sources */,
				B348A02D29BE194500A9F02F /* ReservationList.swift in Sources */,
				B3D6D0CD2975801800B28336 /* WPTitle.swift in Sources */,
				B30E8D69297C7EF00092FD63 /* Car.swift in Sources */,
				B34FA02329AD3EA00074458B /* WPWeekdayItem.swift in Sources */,
				B3D873DF29ABEE6E00F63307 /* WPTagContainer.swift in Sources */,
				B3772BCE29BF8C680041D3E2 /* ProfilePersonalData.swift in Sources */,
				B3726800298688E500E50D1A /* LoginView.swift in Sources */,
				B3833EF6299AC48C000F9DFD /* DashboardCard.swift in Sources */,
				B362F4F2299912B1004791D4 /* TabBarSkeleton.swift in Sources */,
				B3486A5929AE786900C4B5A9 /* CarCard.swift in Sources */,
				B3E8EE4129B6774F00452513 /* WPStepper.swift in Sources */,
				B377838229BC8C55004F9E25 /* WPDropdownMenu.swift in Sources */,
				B3486A5D29AE787F00C4B5A9 /* CarEdit.swift in Sources */,
				B39CE1202996CB0E00B257E9 /* TabBarButton.swift in Sources */,
				B3538C4629A816940083CF5B /* ParkingspotEdit.swift in Sources */,
				B3772BD229BF94BD0041D3E2 /* ProfileSecurity.swift in Sources */,
				B322BA6A29859E7000889FAF /* HTTPMethod.swift in Sources */,
				B30E8D65297C7DB40092FD63 /* WPapi.swift in Sources */,
				B39CE11D2996CA6200B257E9 /* TabBar.swift in Sources */,
				B3793A9529A3C27F00B99EA9 /* ParkingspotCard.swift in Sources */,
				B341B9B529B789310075FE75 /* ReservationParkingspotList.swift in Sources */,
				B3E9FEF429BDF0CA00BD821A /* ReservationEdit.swift in Sources */,
				B30E2C73296EA21100064A55 /* WillParkenApp.swift in Sources */,
				B3793A9329A3BDAE00B99EA9 /* ParkingspotList.swift in Sources */,
				B39E88162983E188000A1CB5 /* Parkingspot.swift in Sources */,
				B39E88182983E1FC000A1CB5 /* Address.swift in Sources */,
				B30E8D60297C3AA60092FD63 /* RegisterView.swift in Sources */,
				B30E8D67297C7E0F0092FD63 /* User.swift in Sources */,
				B37268022986905C00E50D1A /* WPButton.swift in Sources */,
				B377838429BCD4D7004F9E25 /* SearchFilterEdit.swift in Sources */,
				B35BF413297C018A00407CED /* DashboardView.swift in Sources */,
				B3D1678029A65D23006BEE54 /* Timeframe.swift in Sources */,
				B362F4F829991416004791D4 /* ProfileView.swift in Sources */,
				B30E8D62297C40FC0092FD63 /* WPTextField.swift in Sources */,
				B3E8EE4329B6825F00452513 /* WPStatusToggle.swift in Sources */,
				B3772BD029BF94B10041D3E2 /* ProfileBalance.swift in Sources */,
				B3F49B5329B4F50F002AE528 /* WPViewModel.swift in Sources */,
			);
			runOnlyForDeploymentPostprocessing = 0;
		};
/* End PBXSourcesBuildPhase section */

/* Begin XCBuildConfiguration section */
		B30E2C7B296EA21200064A55 /* Debug */ = {
			isa = XCBuildConfiguration;
			buildSettings = {
				ALWAYS_SEARCH_USER_PATHS = NO;
				CLANG_ANALYZER_NONNULL = YES;
				CLANG_ANALYZER_NUMBER_OBJECT_CONVERSION = YES_AGGRESSIVE;
				CLANG_CXX_LANGUAGE_STANDARD = "gnu++20";
				CLANG_ENABLE_MODULES = YES;
				CLANG_ENABLE_OBJC_ARC = YES;
				CLANG_ENABLE_OBJC_WEAK = YES;
				CLANG_WARN_BLOCK_CAPTURE_AUTORELEASING = YES;
				CLANG_WARN_BOOL_CONVERSION = YES;
				CLANG_WARN_COMMA = YES;
				CLANG_WARN_CONSTANT_CONVERSION = YES;
				CLANG_WARN_DEPRECATED_OBJC_IMPLEMENTATIONS = YES;
				CLANG_WARN_DIRECT_OBJC_ISA_USAGE = YES_ERROR;
				CLANG_WARN_DOCUMENTATION_COMMENTS = YES;
				CLANG_WARN_EMPTY_BODY = YES;
				CLANG_WARN_ENUM_CONVERSION = YES;
				CLANG_WARN_INFINITE_RECURSION = YES;
				CLANG_WARN_INT_CONVERSION = YES;
				CLANG_WARN_NON_LITERAL_NULL_CONVERSION = YES;
				CLANG_WARN_OBJC_IMPLICIT_RETAIN_SELF = YES;
				CLANG_WARN_OBJC_LITERAL_CONVERSION = YES;
				CLANG_WARN_OBJC_ROOT_CLASS = YES_ERROR;
				CLANG_WARN_QUOTED_INCLUDE_IN_FRAMEWORK_HEADER = YES;
				CLANG_WARN_RANGE_LOOP_ANALYSIS = YES;
				CLANG_WARN_STRICT_PROTOTYPES = YES;
				CLANG_WARN_SUSPICIOUS_MOVE = YES;
				CLANG_WARN_UNGUARDED_AVAILABILITY = YES_AGGRESSIVE;
				CLANG_WARN_UNREACHABLE_CODE = YES;
				CLANG_WARN__DUPLICATE_METHOD_MATCH = YES;
				COPY_PHASE_STRIP = NO;
				DEBUG_INFORMATION_FORMAT = dwarf;
				ENABLE_STRICT_OBJC_MSGSEND = YES;
				ENABLE_TESTABILITY = YES;
				GCC_C_LANGUAGE_STANDARD = gnu11;
				GCC_DYNAMIC_NO_PIC = NO;
				GCC_NO_COMMON_BLOCKS = YES;
				GCC_OPTIMIZATION_LEVEL = 0;
				GCC_PREPROCESSOR_DEFINITIONS = (
					"DEBUG=1",
					"$(inherited)",
				);
				GCC_WARN_64_TO_32_BIT_CONVERSION = YES;
				GCC_WARN_ABOUT_RETURN_TYPE = YES_ERROR;
				GCC_WARN_UNDECLARED_SELECTOR = YES;
				GCC_WARN_UNINITIALIZED_AUTOS = YES_AGGRESSIVE;
				GCC_WARN_UNUSED_FUNCTION = YES;
				GCC_WARN_UNUSED_VARIABLE = YES;
				INFOPLIST_KEY_UIApplicationSceneManifest_Generation = NO;
				IPHONEOS_DEPLOYMENT_TARGET = 16.2;
				MTL_ENABLE_DEBUG_INFO = INCLUDE_SOURCE;
				MTL_FAST_MATH = YES;
				ONLY_ACTIVE_ARCH = YES;
				SDKROOT = iphoneos;
				SWIFT_ACTIVE_COMPILATION_CONDITIONS = DEBUG;
				SWIFT_OPTIMIZATION_LEVEL = "-Onone";
			};
			name = Debug;
		};
		B30E2C7C296EA21200064A55 /* Release */ = {
			isa = XCBuildConfiguration;
			buildSettings = {
				ALWAYS_SEARCH_USER_PATHS = NO;
				CLANG_ANALYZER_NONNULL = YES;
				CLANG_ANALYZER_NUMBER_OBJECT_CONVERSION = YES_AGGRESSIVE;
				CLANG_CXX_LANGUAGE_STANDARD = "gnu++20";
				CLANG_ENABLE_MODULES = YES;
				CLANG_ENABLE_OBJC_ARC = YES;
				CLANG_ENABLE_OBJC_WEAK = YES;
				CLANG_WARN_BLOCK_CAPTURE_AUTORELEASING = YES;
				CLANG_WARN_BOOL_CONVERSION = YES;
				CLANG_WARN_COMMA = YES;
				CLANG_WARN_CONSTANT_CONVERSION = YES;
				CLANG_WARN_DEPRECATED_OBJC_IMPLEMENTATIONS = YES;
				CLANG_WARN_DIRECT_OBJC_ISA_USAGE = YES_ERROR;
				CLANG_WARN_DOCUMENTATION_COMMENTS = YES;
				CLANG_WARN_EMPTY_BODY = YES;
				CLANG_WARN_ENUM_CONVERSION = YES;
				CLANG_WARN_INFINITE_RECURSION = YES;
				CLANG_WARN_INT_CONVERSION = YES;
				CLANG_WARN_NON_LITERAL_NULL_CONVERSION = YES;
				CLANG_WARN_OBJC_IMPLICIT_RETAIN_SELF = YES;
				CLANG_WARN_OBJC_LITERAL_CONVERSION = YES;
				CLANG_WARN_OBJC_ROOT_CLASS = YES_ERROR;
				CLANG_WARN_QUOTED_INCLUDE_IN_FRAMEWORK_HEADER = YES;
				CLANG_WARN_RANGE_LOOP_ANALYSIS = YES;
				CLANG_WARN_STRICT_PROTOTYPES = YES;
				CLANG_WARN_SUSPICIOUS_MOVE = YES;
				CLANG_WARN_UNGUARDED_AVAILABILITY = YES_AGGRESSIVE;
				CLANG_WARN_UNREACHABLE_CODE = YES;
				CLANG_WARN__DUPLICATE_METHOD_MATCH = YES;
				COPY_PHASE_STRIP = NO;
				DEBUG_INFORMATION_FORMAT = "dwarf-with-dsym";
				ENABLE_NS_ASSERTIONS = NO;
				ENABLE_STRICT_OBJC_MSGSEND = YES;
				GCC_C_LANGUAGE_STANDARD = gnu11;
				GCC_NO_COMMON_BLOCKS = YES;
				GCC_WARN_64_TO_32_BIT_CONVERSION = YES;
				GCC_WARN_ABOUT_RETURN_TYPE = YES_ERROR;
				GCC_WARN_UNDECLARED_SELECTOR = YES;
				GCC_WARN_UNINITIALIZED_AUTOS = YES_AGGRESSIVE;
				GCC_WARN_UNUSED_FUNCTION = YES;
				GCC_WARN_UNUSED_VARIABLE = YES;
				INFOPLIST_KEY_UIApplicationSceneManifest_Generation = NO;
				IPHONEOS_DEPLOYMENT_TARGET = 16.2;
				MTL_ENABLE_DEBUG_INFO = NO;
				MTL_FAST_MATH = YES;
				SDKROOT = iphoneos;
				SWIFT_COMPILATION_MODE = wholemodule;
				SWIFT_OPTIMIZATION_LEVEL = "-O";
				VALIDATE_PRODUCT = YES;
			};
			name = Release;
		};
		B30E2C7E296EA21200064A55 /* Debug */ = {
			isa = XCBuildConfiguration;
			buildSettings = {
				ASSETCATALOG_COMPILER_APPICON_NAME = AppIcon;
				ASSETCATALOG_COMPILER_GLOBAL_ACCENT_COLOR_NAME = AccentColor;
				CODE_SIGN_STYLE = Automatic;
				CURRENT_PROJECT_VERSION = 1;
				DEVELOPMENT_ASSET_PATHS = "WillParken/Preview\\ Content";
				DEVELOPMENT_TEAM = S68BWTY3NW;
				ENABLE_PREVIEWS = YES;
				GENERATE_INFOPLIST_FILE = YES;
				INFOPLIST_FILE = WillParken/Info.plist;
				INFOPLIST_KEY_UIApplicationSupportsIndirectInputEvents = YES;
				INFOPLIST_KEY_UILaunchScreen_Generation = YES;
				INFOPLIST_KEY_UISupportedInterfaceOrientations_iPad = "UIInterfaceOrientationPortrait UIInterfaceOrientationPortraitUpsideDown UIInterfaceOrientationLandscapeLeft UIInterfaceOrientationLandscapeRight";
				INFOPLIST_KEY_UISupportedInterfaceOrientations_iPhone = "UIInterfaceOrientationPortrait UIInterfaceOrientationLandscapeLeft UIInterfaceOrientationLandscapeRight";
				LD_RUNPATH_SEARCH_PATHS = (
					"$(inherited)",
					"@executable_path/Frameworks",
				);
				MARKETING_VERSION = 1.0;
				PRODUCT_BUNDLE_IDENTIFIER = htlwels.saidtokic.WillParken;
				PRODUCT_NAME = "$(TARGET_NAME)";
				SWIFT_EMIT_LOC_STRINGS = YES;
				SWIFT_VERSION = 5.0;
				TARGETED_DEVICE_FAMILY = "1,2";
			};
			name = Debug;
		};
		B30E2C7F296EA21200064A55 /* Release */ = {
			isa = XCBuildConfiguration;
			buildSettings = {
				ASSETCATALOG_COMPILER_APPICON_NAME = AppIcon;
				ASSETCATALOG_COMPILER_GLOBAL_ACCENT_COLOR_NAME = AccentColor;
				CODE_SIGN_STYLE = Automatic;
				CURRENT_PROJECT_VERSION = 1;
				DEVELOPMENT_ASSET_PATHS = "WillParken/Preview\\ Content";
				DEVELOPMENT_TEAM = S68BWTY3NW;
				ENABLE_PREVIEWS = YES;
				GENERATE_INFOPLIST_FILE = YES;
				INFOPLIST_FILE = WillParken/Info.plist;
				INFOPLIST_KEY_UIApplicationSupportsIndirectInputEvents = YES;
				INFOPLIST_KEY_UILaunchScreen_Generation = YES;
				INFOPLIST_KEY_UISupportedInterfaceOrientations_iPad = "UIInterfaceOrientationPortrait UIInterfaceOrientationPortraitUpsideDown UIInterfaceOrientationLandscapeLeft UIInterfaceOrientationLandscapeRight";
				INFOPLIST_KEY_UISupportedInterfaceOrientations_iPhone = "UIInterfaceOrientationPortrait UIInterfaceOrientationLandscapeLeft UIInterfaceOrientationLandscapeRight";
				LD_RUNPATH_SEARCH_PATHS = (
					"$(inherited)",
					"@executable_path/Frameworks",
				);
				MARKETING_VERSION = 1.0;
				PRODUCT_BUNDLE_IDENTIFIER = htlwels.saidtokic.WillParken;
				PRODUCT_NAME = "$(TARGET_NAME)";
				SWIFT_EMIT_LOC_STRINGS = YES;
				SWIFT_VERSION = 5.0;
				TARGETED_DEVICE_FAMILY = "1,2";
			};
			name = Release;
		};
/* End XCBuildConfiguration section */

/* Begin XCConfigurationList section */
		B30E2C6A296EA21100064A55 /* Build configuration list for PBXProject "WillParken" */ = {
			isa = XCConfigurationList;
			buildConfigurations = (
				B30E2C7B296EA21200064A55 /* Debug */,
				B30E2C7C296EA21200064A55 /* Release */,
			);
			defaultConfigurationIsVisible = 0;
			defaultConfigurationName = Release;
		};
		B30E2C7D296EA21200064A55 /* Build configuration list for PBXNativeTarget "WillParken" */ = {
			isa = XCConfigurationList;
			buildConfigurations = (
				B30E2C7E296EA21200064A55 /* Debug */,
				B30E2C7F296EA21200064A55 /* Release */,
			);
			defaultConfigurationIsVisible = 0;
			defaultConfigurationName = Release;
		};
/* End XCConfigurationList section */
	};
	rootObject = B30E2C67296EA21100064A55 /* Project object */;
}
